// !$*UTF8*$!
{
	archiveVersion = 1;
	classes = {
	};
	objectVersion = 51;
	objects = {

/* Begin PBXBuildFile section */
		6507E6692449637F002A7238 /* AppDelegate.swift in Sources */ = {isa = PBXBuildFile; fileRef = 6507E6682449637F002A7238 /* AppDelegate.swift */; };
		6507E66B2449637F002A7238 /* SceneDelegate.swift in Sources */ = {isa = PBXBuildFile; fileRef = 6507E66A2449637F002A7238 /* SceneDelegate.swift */; };
		6507E6702449637F002A7238 /* Main.storyboard in Resources */ = {isa = PBXBuildFile; fileRef = 6507E66E2449637F002A7238 /* Main.storyboard */; };
		6507E67224496380002A7238 /* Assets.xcassets in Resources */ = {isa = PBXBuildFile; fileRef = 6507E67124496380002A7238 /* Assets.xcassets */; };
		6507E67524496380002A7238 /* LaunchScreen.storyboard in Resources */ = {isa = PBXBuildFile; fileRef = 6507E67324496380002A7238 /* LaunchScreen.storyboard */; };
		6568B28A2449660B00B00F6F /* SigninVC.swift in Sources */ = {isa = PBXBuildFile; fileRef = 6568B2892449660B00B00F6F /* SigninVC.swift */; };
		6568B28C244967AF00B00F6F /* UploadVC.swift in Sources */ = {isa = PBXBuildFile; fileRef = 6568B28B244967AF00B00F6F /* UploadVC.swift */; };
		6568B28E244967C500B00F6F /* FeedVC.swift in Sources */ = {isa = PBXBuildFile; fileRef = 6568B28D244967C500B00F6F /* FeedVC.swift */; };
		65D93F622449A699007EF1CA /* FeedCell.swift in Sources */ = {isa = PBXBuildFile; fileRef = 65D93F612449A699007EF1CA /* FeedCell.swift */; };
		73C6A507FB6D7A7000BC2136 /* Pods_like_instagram_used_by_Parse.framework in Frameworks */ = {isa = PBXBuildFile; fileRef = B4F41AA0822D5F8924B670F6 /* Pods_like_instagram_used_by_Parse.framework */; };
/* End PBXBuildFile section */

/* Begin PBXFileReference section */
		27BA9DA8C22C564F7900ADE3 /* Pods-like_instagram_used_by_Parse.release.xcconfig */ = {isa = PBXFileReference; includeInIndex = 1; lastKnownFileType = text.xcconfig; name = "Pods-like_instagram_used_by_Parse.release.xcconfig"; path = "Target Support Files/Pods-like_instagram_used_by_Parse/Pods-like_instagram_used_by_Parse.release.xcconfig"; sourceTree = "<group>"; };
		6507E6652449637F002A7238 /* like_instagram_used_by_Parse.app */ = {isa = PBXFileReference; explicitFileType = wrapper.application; includeInIndex = 0; path = like_instagram_used_by_Parse.app; sourceTree = BUILT_PRODUCTS_DIR; };
		6507E6682449637F002A7238 /* AppDelegate.swift */ = {isa = PBXFileReference; lastKnownFileType = sourcecode.swift; path = AppDelegate.swift; sourceTree = "<group>"; };
		6507E66A2449637F002A7238 /* SceneDelegate.swift */ = {isa = PBXFileReference; lastKnownFileType = sourcecode.swift; path = SceneDelegate.swift; sourceTree = "<group>"; };
		6507E66F2449637F002A7238 /* Base */ = {isa = PBXFileReference; lastKnownFileType = file.storyboard; name = Base; path = Base.lproj/Main.storyboard; sourceTree = "<group>"; };
		6507E67124496380002A7238 /* Assets.xcassets */ = {isa = PBXFileReference; lastKnownFileType = folder.assetcatalog; path = Assets.xcassets; sourceTree = "<group>"; };
		6507E67424496380002A7238 /* Base */ = {isa = PBXFileReference; lastKnownFileType = file.storyboard; name = Base; path = Base.lproj/LaunchScreen.storyboard; sourceTree = "<group>"; };
		6507E67624496380002A7238 /* Info.plist */ = {isa = PBXFileReference; lastKnownFileType = text.plist.xml; path = Info.plist; sourceTree = "<group>"; };
		651E5052B7DCCAE6F563C9B8 /* Pods-like_instagram_used_by_Parse.debug.xcconfig */ = {isa = PBXFileReference; includeInIndex = 1; lastKnownFileType = text.xcconfig; name = "Pods-like_instagram_used_by_Parse.debug.xcconfig"; path = "Target Support Files/Pods-like_instagram_used_by_Parse/Pods-like_instagram_used_by_Parse.debug.xcconfig"; sourceTree = "<group>"; };
		6568B2892449660B00B00F6F /* SigninVC.swift */ = {isa = PBXFileReference; lastKnownFileType = sourcecode.swift; path = SigninVC.swift; sourceTree = "<group>"; };
		6568B28B244967AF00B00F6F /* UploadVC.swift */ = {isa = PBXFileReference; lastKnownFileType = sourcecode.swift; path = UploadVC.swift; sourceTree = "<group>"; };
		6568B28D244967C500B00F6F /* FeedVC.swift */ = {isa = PBXFileReference; lastKnownFileType = sourcecode.swift; path = FeedVC.swift; sourceTree = "<group>"; };
		65D93F612449A699007EF1CA /* FeedCell.swift */ = {isa = PBXFileReference; lastKnownFileType = sourcecode.swift; path = FeedCell.swift; sourceTree = "<group>"; };
		B4F41AA0822D5F8924B670F6 /* Pods_like_instagram_used_by_Parse.framework */ = {isa = PBXFileReference; explicitFileType = wrapper.framework; includeInIndex = 0; path = Pods_like_instagram_used_by_Parse.framework; sourceTree = BUILT_PRODUCTS_DIR; };
/* End PBXFileReference section */

/* Begin PBXFrameworksBuildPhase section */
		6507E6622449637F002A7238 /* Frameworks */ = {
			isa = PBXFrameworksBuildPhase;
			buildActionMask = 2147483647;
			files = (
				73C6A507FB6D7A7000BC2136 /* Pods_like_instagram_used_by_Parse.framework in Frameworks */,
			);
			runOnlyForDeploymentPostprocessing = 0;
		};
/* End PBXFrameworksBuildPhase section */

/* Begin PBXGroup section */
		3D41C3F4212AC1514CE2FF00 /* Frameworks */ = {
			isa = PBXGroup;
			children = (
				B4F41AA0822D5F8924B670F6 /* Pods_like_instagram_used_by_Parse.framework */,
			);
			name = Frameworks;
			sourceTree = "<group>";
		};
		49B69F1F1193D5059D71D583 /* Pods */ = {
			isa = PBXGroup;
			children = (
				651E5052B7DCCAE6F563C9B8 /* Pods-like_instagram_used_by_Parse.debug.xcconfig */,
				27BA9DA8C22C564F7900ADE3 /* Pods-like_instagram_used_by_Parse.release.xcconfig */,
			);
			path = Pods;
			sourceTree = "<group>";
		};
		6507E65C2449637F002A7238 = {
			isa = PBXGroup;
			children = (
				6507E6672449637F002A7238 /* like_instagram_used_by_Parse */,
				6507E6662449637F002A7238 /* Products */,
				49B69F1F1193D5059D71D583 /* Pods */,
				3D41C3F4212AC1514CE2FF00 /* Frameworks */,
			);
			sourceTree = "<group>";
		};
		6507E6662449637F002A7238 /* Products */ = {
			isa = PBXGroup;
			children = (
				6507E6652449637F002A7238 /* like_instagram_used_by_Parse.app */,
			);
			name = Products;
			sourceTree = "<group>";
		};
		6507E6672449637F002A7238 /* like_instagram_used_by_Parse */ = {
			isa = PBXGroup;
			children = (
				6507E6682449637F002A7238 /* AppDelegate.swift */,
				6507E66A2449637F002A7238 /* SceneDelegate.swift */,
				6507E66E2449637F002A7238 /* Main.storyboard */,
				6507E67124496380002A7238 /* Assets.xcassets */,
				6507E67324496380002A7238 /* LaunchScreen.storyboard */,
				6507E67624496380002A7238 /* Info.plist */,
				6568B2892449660B00B00F6F /* SigninVC.swift */,
				6568B28B244967AF00B00F6F /* UploadVC.swift */,
				6568B28D244967C500B00F6F /* FeedVC.swift */,
				65D93F612449A699007EF1CA /* FeedCell.swift */,
			);
			path = like_instagram_used_by_Parse;
			sourceTree = "<group>";
		};
/* End PBXGroup section */

/* Begin PBXNativeTarget section */
		6507E6642449637F002A7238 /* like_instagram_used_by_Parse */ = {
			isa = PBXNativeTarget;
			buildConfigurationList = 6507E67924496380002A7238 /* Build configuration list for PBXNativeTarget "like_instagram_used_by_Parse" */;
			buildPhases = (
				A6922A1A61F0BB3E8F79EB9D /* [CP] Check Pods Manifest.lock */,
				6507E6612449637F002A7238 /* Sources */,
				6507E6622449637F002A7238 /* Frameworks */,
				6507E6632449637F002A7238 /* Resources */,
				7AE82196358B99FCE2C27C10 /* [CP] Embed Pods Frameworks */,
			);
			buildRules = (
			);
			dependencies = (
			);
			name = like_instagram_used_by_Parse;
			productName = like_instagram_used_by_Parse;
			productReference = 6507E6652449637F002A7238 /* like_instagram_used_by_Parse.app */;
			productType = "com.apple.product-type.application";
		};
/* End PBXNativeTarget section */

/* Begin PBXProject section */
		6507E65D2449637F002A7238 /* Project object */ = {
			isa = PBXProject;
			attributes = {
				LastSwiftUpdateCheck = 1140;
				LastUpgradeCheck = 1140;
				ORGANIZATIONNAME = "JONGWOO JIN";
				TargetAttributes = {
					6507E6642449637F002A7238 = {
						CreatedOnToolsVersion = 11.4;
					};
				};
			};
			buildConfigurationList = 6507E6602449637F002A7238 /* Build configuration list for PBXProject "like_instagram_used_by_Parse" */;
			compatibilityVersion = "Xcode 9.3";
			developmentRegion = en;
			hasScannedForEncodings = 0;
			knownRegions = (
				en,
				Base,
			);
			mainGroup = 6507E65C2449637F002A7238;
			productRefGroup = 6507E6662449637F002A7238 /* Products */;
			projectDirPath = "";
			projectRoot = "";
			targets = (
				6507E6642449637F002A7238 /* like_instagram_used_by_Parse */,
			);
		};
/* End PBXProject section */

/* Begin PBXResourcesBuildPhase section */
		6507E6632449637F002A7238 /* Resources */ = {
			isa = PBXResourcesBuildPhase;
			buildActionMask = 2147483647;
			files = (
				6507E67524496380002A7238 /* LaunchScreen.storyboard in Resources */,
				6507E67224496380002A7238 /* Assets.xcassets in Resources */,
				6507E6702449637F002A7238 /* Main.storyboard in Resources */,
			);
			runOnlyForDeploymentPostprocessing = 0;
		};
/* End PBXResourcesBuildPhase section */

/* Begin PBXShellScriptBuildPhase section */
		7AE82196358B99FCE2C27C10 /* [CP] Embed Pods Frameworks */ = {
			isa = PBXShellScriptBuildPhase;
			buildActionMask = 2147483647;
			files = (
			);
			inputFileListPaths = (
				"${PODS_ROOT}/Target Support Files/Pods-like_instagram_used_by_Parse/Pods-like_instagram_used_by_Parse-frameworks-${CONFIGURATION}-input-files.xcfilelist",
			);
			name = "[CP] Embed Pods Frameworks";
			outputFileListPaths = (
				"${PODS_ROOT}/Target Support Files/Pods-like_instagram_used_by_Parse/Pods-like_instagram_used_by_Parse-frameworks-${CONFIGURATION}-output-files.xcfilelist",
			);
			runOnlyForDeploymentPostprocessing = 0;
			shellPath = /bin/sh;
			shellScript = "\"${PODS_ROOT}/Target Support Files/Pods-like_instagram_used_by_Parse/Pods-like_instagram_used_by_Parse-frameworks.sh\"\n";
			showEnvVarsInLog = 0;
		};
		A6922A1A61F0BB3E8F79EB9D /* [CP] Check Pods Manifest.lock */ = {
			isa = PBXShellScriptBuildPhase;
			buildActionMask = 2147483647;
			files = (
			);
			inputFileListPaths = (
			);
			inputPaths = (
				"${PODS_PODFILE_DIR_PATH}/Podfile.lock",
				"${PODS_ROOT}/Manifest.lock",
			);
			name = "[CP] Check Pods Manifest.lock";
			outputFileListPaths = (
			);
			outputPaths = (
				"$(DERIVED_FILE_DIR)/Pods-like_instagram_used_by_Parse-checkManifestLockResult.txt",
			);
			runOnlyForDeploymentPostprocessing = 0;
			shellPath = /bin/sh;
			shellScript = "diff \"${PODS_PODFILE_DIR_PATH}/Podfile.lock\" \"${PODS_ROOT}/Manifest.lock\" > /dev/null\nif [ $? != 0 ] ; then\n    # print error to STDERR\n    echo \"error: The sandbox is not in sync with the Podfile.lock. Run 'pod install' or update your CocoaPods installation.\" >&2\n    exit 1\nfi\n# This output is used by Xcode 'outputs' to avoid re-running this script phase.\necho \"SUCCESS\" > \"${SCRIPT_OUTPUT_FILE_0}\"\n";
			showEnvVarsInLog = 0;
		};
/* End PBXShellScriptBuildPhase section */

/* Begin PBXSourcesBuildPhase section */
		6507E6612449637F002A7238 /* Sources */ = {
			isa = PBXSourcesBuildPhase;
			buildActionMask = 2147483647;
			files = (
				6507E6692449637F002A7238 /* AppDelegate.swift in Sources */,
				6568B28A2449660B00B00F6F /* SigninVC.swift in Sources */,
				6568B28E244967C500B00F6F /* FeedVC.swift in Sources */,
				6507E66B2449637F002A7238 /* SceneDelegate.swift in Sources */,
				6568B28C244967AF00B00F6F /* UploadVC.swift in Sources */,
				65D93F622449A699007EF1CA /* FeedCell.swift in Sources */,
			);
			runOnlyForDeploymentPostprocessing = 0;
		};
/* End PBXSourcesBuildPhase section */

/* Begin PBXVariantGroup section */
		6507E66E2449637F002A7238 /* Main.storyboard */ = {
			isa = PBXVariantGroup;
			children = (
				6507E66F2449637F002A7238 /* Base */,
			);
			name = Main.storyboard;
			sourceTree = "<group>";
		};
		6507E67324496380002A7238 /* LaunchScreen.storyboard */ = {
			isa = PBXVariantGroup;
			children = (
				6507E67424496380002A7238 /* Base */,
			);
			name = LaunchScreen.storyboard;
			sourceTree = "<group>";
		};
/* End PBXVariantGroup section */

/* Begin XCBuildConfiguration section */
		6507E67724496380002A7238 /* Debug */ = {
			isa = XCBuildConfiguration;
			buildSettings = {
				ALWAYS_SEARCH_USER_PATHS = NO;
				CLANG_ANALYZER_NONNULL = YES;
				CLANG_ANALYZER_NUMBER_OBJECT_CONVERSION = YES_AGGRESSIVE;
				CLANG_CXX_LANGUAGE_STANDARD = "gnu++14";
				CLANG_CXX_LIBRARY = "libc++";
				CLANG_ENABLE_MODULES = YES;
				CLANG_ENABLE_OBJC_ARC = YES;
				CLANG_ENABLE_OBJC_WEAK = YES;
				CLANG_WARN_BLOCK_CAPTURE_AUTORELEASING = YES;
				CLANG_WARN_BOOL_CONVERSION = YES;
				CLANG_WARN_COMMA = YES;
				CLANG_WARN_CONSTANT_CONVERSION = YES;
				CLANG_WARN_DEPRECATED_OBJC_IMPLEMENTATIONS = YES;
				CLANG_WARN_DIRECT_OBJC_ISA_USAGE = YES_ERROR;
				CLANG_WARN_DOCUMENTATION_COMMENTS = YES;
				CLANG_WARN_EMPTY_BODY = YES;
				CLANG_WARN_ENUM_CONVERSION = YES;
				CLANG_WARN_INFINITE_RECURSION = YES;
				CLANG_WARN_INT_CONVERSION = YES;
				CLANG_WARN_NON_LITERAL_NULL_CONVERSION = YES;
				CLANG_WARN_OBJC_IMPLICIT_RETAIN_SELF = YES;
				CLANG_WARN_OBJC_LITERAL_CONVERSION = YES;
				CLANG_WARN_OBJC_ROOT_CLASS = YES_ERROR;
				CLANG_WARN_RANGE_LOOP_ANALYSIS = YES;
				CLANG_WARN_STRICT_PROTOTYPES = YES;
				CLANG_WARN_SUSPICIOUS_MOVE = YES;
				CLANG_WARN_UNGUARDED_AVAILABILITY = YES_AGGRESSIVE;
				CLANG_WARN_UNREACHABLE_CODE = YES;
				CLANG_WARN__DUPLICATE_METHOD_MATCH = YES;
				COPY_PHASE_STRIP = NO;
				DEBUG_INFORMATION_FORMAT = dwarf;
				ENABLE_STRICT_OBJC_MSGSEND = YES;
				ENABLE_TESTABILITY = YES;
				GCC_C_LANGUAGE_STANDARD = gnu11;
				GCC_DYNAMIC_NO_PIC = NO;
				GCC_NO_COMMON_BLOCKS = YES;
				GCC_OPTIMIZATION_LEVEL = 0;
				GCC_PREPROCESSOR_DEFINITIONS = (
					"DEBUG=1",
					"$(inherited)",
				);
				GCC_WARN_64_TO_32_BIT_CONVERSION = YES;
				GCC_WARN_ABOUT_RETURN_TYPE = YES_ERROR;
				GCC_WARN_UNDECLARED_SELECTOR = YES;
				GCC_WARN_UNINITIALIZED_AUTOS = YES_AGGRESSIVE;
				GCC_WARN_UNUSED_FUNCTION = YES;
				GCC_WARN_UNUSED_VARIABLE = YES;
				IPHONEOS_DEPLOYMENT_TARGET = 13.4;
				MTL_ENABLE_DEBUG_INFO = INCLUDE_SOURCE;
				MTL_FAST_MATH = YES;
				ONLY_ACTIVE_ARCH = YES;
				SDKROOT = iphoneos;
				SWIFT_ACTIVE_COMPILATION_CONDITIONS = DEBUG;
				SWIFT_OPTIMIZATION_LEVEL = "-Onone";
			};
			name = Debug;
		};
		6507E67824496380002A7238 /* Release */ = {
			isa = XCBuildConfiguration;
			buildSettings = {
				ALWAYS_SEARCH_USER_PATHS = NO;
				CLANG_ANALYZER_NONNULL = YES;
				CLANG_ANALYZER_NUMBER_OBJECT_CONVERSION = YES_AGGRESSIVE;
				CLANG_CXX_LANGUAGE_STANDARD = "gnu++14";
				CLANG_CXX_LIBRARY = "libc++";
				CLANG_ENABLE_MODULES = YES;
				CLANG_ENABLE_OBJC_ARC = YES;
				CLANG_ENABLE_OBJC_WEAK = YES;
				CLANG_WARN_BLOCK_CAPTURE_AUTORELEASING = YES;
				CLANG_WARN_BOOL_CONVERSION = YES;
				CLANG_WARN_COMMA = YES;
				CLANG_WARN_CONSTANT_CONVERSION = YES;
				CLANG_WARN_DEPRECATED_OBJC_IMPLEMENTATIONS = YES;
				CLANG_WARN_DIRECT_OBJC_ISA_USAGE = YES_ERROR;
				CLANG_WARN_DOCUMENTATION_COMMENTS = YES;
				CLANG_WARN_EMPTY_BODY = YES;
				CLANG_WARN_ENUM_CONVERSION = YES;
				CLANG_WARN_INFINITE_RECURSION = YES;
				CLANG_WARN_INT_CONVERSION = YES;
				CLANG_WARN_NON_LITERAL_NULL_CONVERSION = YES;
				CLANG_WARN_OBJC_IMPLICIT_RETAIN_SELF = YES;
				CLANG_WARN_OBJC_LITERAL_CONVERSION = YES;
				CLANG_WARN_OBJC_ROOT_CLASS = YES_ERROR;
				CLANG_WARN_RANGE_LOOP_ANALYSIS = YES;
				CLANG_WARN_STRICT_PROTOTYPES = YES;
				CLANG_WARN_SUSPICIOUS_MOVE = YES;
				CLANG_WARN_UNGUARDED_AVAILABILITY = YES_AGGRESSIVE;
				CLANG_WARN_UNREACHABLE_CODE = YES;
				CLANG_WARN__DUPLICATE_METHOD_MATCH = YES;
				COPY_PHASE_STRIP = NO;
				DEBUG_INFORMATION_FORMAT = "dwarf-with-dsym";
				ENABLE_NS_ASSERTIONS = NO;
				ENABLE_STRICT_OBJC_MSGSEND = YES;
				GCC_C_LANGUAGE_STANDARD = gnu11;
				GCC_NO_COMMON_BLOCKS = YES;
				GCC_WARN_64_TO_32_BIT_CONVERSION = YES;
				GCC_WARN_ABOUT_RETURN_TYPE = YES_ERROR;
				GCC_WARN_UNDECLARED_SELECTOR = YES;
				GCC_WARN_UNINITIALIZED_AUTOS = YES_AGGRESSIVE;
				GCC_WARN_UNUSED_FUNCTION = YES;
				GCC_WARN_UNUSED_VARIABLE = YES;
				IPHONEOS_DEPLOYMENT_TARGET = 13.4;
				MTL_ENABLE_DEBUG_INFO = NO;
				MTL_FAST_MATH = YES;
				SDKROOT = iphoneos;
				SWIFT_COMPILATION_MODE = wholemodule;
				SWIFT_OPTIMIZATION_LEVEL = "-O";
				VALIDATE_PRODUCT = YES;
			};
			name = Release;
		};
		6507E67A24496380002A7238 /* Debug */ = {
			isa = XCBuildConfiguration;
			baseConfigurationReference = 651E5052B7DCCAE6F563C9B8 /* Pods-like_instagram_used_by_Parse.debug.xcconfig */;
			buildSettings = {
				ASSETCATALOG_COMPILER_APPICON_NAME = AppIcon;
				CODE_SIGN_STYLE = Automatic;
				DEVELOPMENT_TEAM = 2822CJ3WHD;
				INFOPLIST_FILE = like_instagram_used_by_Parse/Info.plist;
				LD_RUNPATH_SEARCH_PATHS = (
					"$(inherited)",
					"@executable_path/Frameworks",
				);
				PRODUCT_BUNDLE_IDENTIFIER = "a1824jj.like-instagram-used-by-Parse";
				PRODUCT_NAME = "$(TARGET_NAME)";
				SWIFT_VERSION = 5.0;
				TARGETED_DEVICE_FAMILY = "1,2";
			};
			name = Debug;
		};
		6507E67B24496380002A7238 /* Release */ = {
			isa = XCBuildConfiguration;
			baseConfigurationReference = 27BA9DA8C22C564F7900ADE3 /* Pods-like_instagram_used_by_Parse.release.xcconfig */;
			buildSettings = {
				ASSETCATALOG_COMPILER_APPICON_NAME = AppIcon;
				CODE_SIGN_STYLE = Automatic;
				DEVELOPMENT_TEAM = 2822CJ3WHD;
				INFOPLIST_FILE = like_instagram_used_by_Parse/Info.plist;
				LD_RUNPATH_SEARCH_PATHS = (
					"$(inherited)",
					"@executable_path/Frameworks",
				);
				PRODUCT_BUNDLE_IDENTIFIER = "a1824jj.like-instagram-used-by-Parse";
				PRODUCT_NAME = "$(TARGET_NAME)";
				SWIFT_VERSION = 5.0;
				TARGETED_DEVICE_FAMILY = "1,2";
			};
			name = Release;
		};
/* End XCBuildConfiguration section */

/* Begin XCConfigurationList section */
		6507E6602449637F002A7238 /* Build configuration list for PBXProject "like_instagram_used_by_Parse" */ = {
			isa = XCConfigurationList;
			buildConfigurations = (
				6507E67724496380002A7238 /* Debug */,
				6507E67824496380002A7238 /* Release */,
			);
			defaultConfigurationIsVisible = 0;
			defaultConfigurationName = Release;
		};
		6507E67924496380002A7238 /* Build configuration list for PBXNativeTarget "like_instagram_used_by_Parse" */ = {
			isa = XCConfigurationList;
			buildConfigurations = (
				6507E67A24496380002A7238 /* Debug */,
				6507E67B24496380002A7238 /* Release */,
			);
			defaultConfigurationIsVisible = 0;
			defaultConfigurationName = Release;
		};
/* End XCConfigurationList section */
	};
	rootObject = 6507E65D2449637F002A7238 /* Project object */;
}
